<?xml version="1.0" encoding="utf-8"?>
<Project ToolsVersion="4.0" xmlns="http://schemas.microsoft.com/developer/msbuild/2003">
  <ItemGroup>
    <Filter Include="Source Files">
      <UniqueIdentifier>{4FC737F1-C7A5-4376-A066-2A32D752A2FF}</UniqueIdentifier>
      <Extensions>cpp;c;cc;cxx;def;odl;idl;hpj;bat;asm;asmx</Extensions>
    </Filter>
    <Filter Include="Header Files">
      <UniqueIdentifier>{93995380-89BD-4b04-88EB-625FBE52EBFB}</UniqueIdentifier>
      <Extensions>h;hh;hpp;hxx;hm;inl;inc;ipp;xsd</Extensions>
    </Filter>
    <Filter Include="Resource Files">
      <UniqueIdentifier>{67DA6AB6-F800-4c08-8B7A-83BB121AAD01}</UniqueIdentifier>
      <Extensions>rc;ico;cur;bmp;dlg;rc2;rct;bin;rgs;gif;jpg;jpeg;jpe;resx;tiff;tif;png;wav;mfcribbon-ms</Extensions>
    </Filter>
  </ItemGroup>
  <ItemGroup>
    <ClCompile Include="..\src\ks\ks.c">
      <Filter>Source Files</Filter>
    </ClCompile>
  </ItemGroup>
  <ItemGroup>
    <ClInclude Include="..\include\ks\av.h">
      <Filter>Header Files</Filter>
    </ClInclude>
    <ClInclude Include="..\include\ks\cext.h">
      <Filter>Header Files</Filter>
    </ClInclude>
    <ClInclude Include="..\include\ks\colors.h">
      <Filter>Header Files</Filter>
    </ClInclude>
    <ClInclude Include="..\include\ks\compiler.h">
      <Filter>Header Files</Filter>
    </ClInclude>
    <ClInclude Include="..\include\ks\const.h">
      <Filter>Header Files</Filter>
    </ClInclude>
    <ClInclude Include="..\include\ks\ffi.h">
      <Filter>Header Files</Filter>
    </ClInclude>
    <ClInclude Include="..\include\ks\getarg.h">
      <Filter>Header Files</Filter>
    </ClInclude>
    <ClInclude Include="..\include\ks\igl3w_gl3.h">
      <Filter>Header Files</Filter>
    </ClInclude>
    <ClInclude Include="..\include\ks\iminigmp.h">
      <Filter>Header Files</Filter>
    </ClInclude>
    <ClInclude Include="..\include\ks\impl.h">
      <Filter>Header Files</Filter>
    </ClInclude>
    <ClInclude Include="..\include\ks\inuklear.h">
      <Filter>Header Files</Filter>
    </ClInclude>
    <ClInclude Include="..\include\ks\inuklear_glfw_gl3.h">
      <Filter>Header Files</Filter>
    </ClInclude>
    <ClInclude Include="..\include\ks\inuklear_xlib_gl3.h">
      <Filter>Header Files</Filter>
    </ClInclude>
    <ClInclude Include="..\include\ks\io.h">
      <Filter>Header Files</Filter>
    </ClInclude>
    <ClInclude Include="..\include\ks\ks.h">
      <Filter>Header Files</Filter>
    </ClInclude>
    <ClInclude Include="..\include\ks\m.h">
      <Filter>Header Files</Filter>
    </ClInclude>
    <ClInclude Include="..\include\ks\net.h">
      <Filter>Header Files</Filter>
    </ClInclude>
    <ClInclude Include="..\include\ks\nuklear.h">
      <Filter>Header Files</Filter>
    </ClInclude>
    <ClInclude Include="..\include\ks\nx.h">
      <Filter>Header Files</Filter>
    </ClInclude>
    <ClInclude Include="..\include\ks\nxt.h">
      <Filter>Header Files</Filter>
    </ClInclude>
    <ClInclude Include="..\include\ks\os.h">
      <Filter>Header Files</Filter>
    </ClInclude>
    <ClInclude Include="..\include\ks\time.h">
      <Filter>Header Files</Filter>
    </ClInclude>
    <ClInclude Include="..\include\ks\types.h">
      <Filter>Header Files</Filter>
    </ClInclude>
    <ClInclude Include="..\include\ks\ucd.h">
      <Filter>Header Files</Filter>
    </ClInclude>
  </ItemGroup>
</Project>